{
  "name": "task_management_system",
  "lockfileVersion": 2,
  "requires": true,
  "packages": {
    "": {
      "dependencies": {
        "pnpm": "^6.32.7"
      }
    },
    "node_modules/pnpm": {
      "version": "6.32.7",
      "resolved": "https://registry.npmjs.org/pnpm/-/pnpm-6.32.7.tgz",
      "integrity": "sha512-2LtKMtQ7ffQEIW0lQn6z1WBnz2SPB416DDlyEf3WzOlXCO0BXjLr6kX2vDOTFzKyHWbhjcd45qw3ty3G92fb2Q==",
      "bin": {
        "pnpm": "bin/pnpm.cjs",
        "pnpx": "bin/pnpx.cjs"
      },
      "engines": {
        "node": ">=12.17"
      },
      "funding": {
        "url": "https://opencollective.com/pnpm"
      }
    }
  },
  "dependencies": {
    "pnpm": {
      "version": "6.32.7",
      "resolved": "https://registry.npmjs.org/pnpm/-/pnpm-6.32.7.tgz",
      "integrity": "sha512-2LtKMtQ7ffQEIW0lQn6z1WBnz2SPB416DDlyEf3WzOlXCO0BXjLr6kX2vDOTFzKyHWbhjcd45qw3ty3G92fb2Q=="
    }
  }
}
